
Microsoft Visual Studio Solution File, Format Version 12.00
# Visual Studio Version 17
VisualStudioVersion = 17.10.34928.147
MinimumVisualStudioVersion = 10.0.40219.1
Project("{9A19103F-16F7-4668-BE54-9A1E7A4F7556}") = "DragDropProvider", "DragDropProvider.csproj", "{4D105271-4E9F-45FE-BF7E-71663D01ACDC}"
EndProject
Project("{FAE04EC0-301F-11D3-BF4B-00C04F79EFBC}") = "DragDropServer", "DragDropTestApps\DragDropServer\DragDropServer.csproj", "{FCAD405C-AB91-428C-973A-AAA3753AEA8C}"
EndProject
Global
	GlobalSection(SolutionConfigurationPlatforms) = preSolution
		Debug|Any CPU = Debug|Any CPU
		Release|Any CPU = Release|Any CPU
	EndGlobalSection
	GlobalSection(ProjectConfigurationPlatforms) = postSolution
		{4D105271-4E9F-45FE-BF7E-71663D01ACDC}.Debug|Any CPU.ActiveCfg = Debug|Any CPU
		{4D105271-4E9F-45FE-BF7E-71663D01ACDC}.Debug|Any CPU.Build.0 = Debug|Any CPU
		{4D105271-4E9F-45FE-BF7E-71663D01ACDC}.Release|Any CPU.ActiveCfg = Release|Any CPU
		{4D105271-4E9F-45FE-BF7E-71663D01ACDC}.Release|Any CPU.Build.0 = Release|Any CPU
		{FCAD405C-AB91-428C-973A-AAA3753AEA8C}.Debug|Any CPU.ActiveCfg = Debug|Any CPU
		{FCAD405C-AB91-428C-973A-AAA3753AEA8C}.Debug|Any CPU.Build.0 = Debug|Any CPU
		{FCAD405C-AB91-428C-973A-AAA3753AEA8C}.Release|Any CPU.ActiveCfg = Release|Any CPU
		{FCAD405C-AB91-428C-973A-AAA3753AEA8C}.Release|Any CPU.Build.0 = Release|Any CPU
	EndGlobalSection
	GlobalSection(SolutionProperties) = preSolution
		HideSolutionNode = FALSE
	EndGlobalSection
	GlobalSection(ExtensibilityGlobals) = postSolution
		SolutionGuid = {91858617-D6CA-42B2-AD6C-C92C8071B987}
	EndGlobalSection
EndGlobal
